
Microsoft Visual Studio Solution File, Format Version 12.00
# Visual Studio 15
VisualStudioVersion = 15.0.27130.2010
MinimumVisualStudioVersion = 10.0.40219.1
Project("{2150E333-8FDC-42A3-9474-1A3956D46DE8}") = "1. Client", "1. Client", "{50230F7F-B9B0-46A3-A234-8820B82E16E8}"
EndProject
Project("{FAE04EC0-301F-11D3-BF4B-00C04F79EFBC}") = "Portal.Consultoras.Web", "Portal.Consultoras.Web\Portal.Consultoras.Web.csproj", "{F8B9B37B-8270-4602-B70C-4EDB2986A28B}"
	ProjectSection(ProjectDependencies) = postProject
		{FEEF9217-F6DA-4041-920C-C15C94268B1B} = {FEEF9217-F6DA-4041-920C-C15C94268B1B}
	EndProjectSection
EndProject
Project("{2150E333-8FDC-42A3-9474-1A3956D46DE8}") = "2. Domain", "2. Domain", "{D93096D3-E22A-4FAC-B528-E2F84DF755CE}"
EndProject
Project("{2150E333-8FDC-42A3-9474-1A3956D46DE8}") = "3. Data", "3. Data", "{84F42BD5-939F-4867-806E-3C24565E6FE8}"
EndProject
Project("{2150E333-8FDC-42A3-9474-1A3956D46DE8}") = "4. Common", "4. Common", "{8ADB3BF2-6096-44FE-81E0-8403904050BD}"
EndProject
Project("{FAE04EC0-301F-11D3-BF4B-00C04F79EFBC}") = "Portal.Consultoras.Entities", "Portal.Consultoras.Entities\Portal.Consultoras.Entities.csproj", "{2A3B50DF-C243-4D7D-B8C0-E4E6C9C6C8D9}"
EndProject
Project("{FAE04EC0-301F-11D3-BF4B-00C04F79EFBC}") = "Portal.Consultoras.BizLogic", "Portal.Consultoras.BizLogic\Portal.Consultoras.BizLogic.csproj", "{EE1E0DB1-465B-418C-B02E-146CEA9B93E1}"
EndProject
Project("{FAE04EC0-301F-11D3-BF4B-00C04F79EFBC}") = "Portal.Consultoras.Service", "Portal.Consultoras.Service\Portal.Consultoras.Service.csproj", "{B3AD057A-2326-4F70-8723-0B2B3AFCE4EA}"
EndProject
Project("{FAE04EC0-301F-11D3-BF4B-00C04F79EFBC}") = "Portal.Consultoras.ServiceContracts", "Portal.Consultoras.ServiceContracts\Portal.Consultoras.ServiceContracts.csproj", "{89B7CFA1-2400-4427-B248-603E95820E92}"
EndProject
Project("{FAE04EC0-301F-11D3-BF4B-00C04F79EFBC}") = "Portal.Consultoras.ServiceHost", "Portal.Consultoras.ServiceHost\Portal.Consultoras.ServiceHost.csproj", "{FEEF9217-F6DA-4041-920C-C15C94268B1B}"
EndProject
Project("{FAE04EC0-301F-11D3-BF4B-00C04F79EFBC}") = "Portal.Consultoras.Data", "Portal.Consultoras.Data\Portal.Consultoras.Data.csproj", "{022E2BE6-D149-4CD7-8AF4-B1DF2ACE8888}"
EndProject
Project("{FAE04EC0-301F-11D3-BF4B-00C04F79EFBC}") = "Portal.Consultoras.Common", "Portal.Consultoras.Common\Portal.Consultoras.Common.csproj", "{136FA1D7-AB98-4FFA-8C03-C011D34D8D27}"
EndProject
Project("{2150E333-8FDC-42A3-9474-1A3956D46DE8}") = ".nuget", ".nuget", "{583CE4B9-0E3F-48EB-BA1E-08E071863B6C}"
	ProjectSection(SolutionItems) = preProject
		.nuget\NuGet.Config = .nuget\NuGet.Config
		.nuget\NuGet.exe = .nuget\NuGet.exe
		.nuget\NuGet.targets = .nuget\NuGet.targets
	EndProjectSection
EndProject
Project("{FAE04EC0-301F-11D3-BF4B-00C04F79EFBC}") = "Portal.Consultoras.Data.Hana", "Portal.Consultoras.Data.Hana\Portal.Consultoras.Data.Hana.csproj", "{6A7ABF96-986A-4A90-9022-4E2A43F0B25D}"
EndProject
Project("{2150E333-8FDC-42A3-9474-1A3956D46DE8}") = "5.UnitTests", "5.UnitTests", "{C13E2A26-3BED-40AB-9380-9ED869E8DDDC}"
EndProject
Project("{FAE04EC0-301F-11D3-BF4B-00C04F79EFBC}") = "Portal.Consultoras.Web.UnitTest", "Portal.Consultoras.Web.UnitTest\Portal.Consultoras.Web.UnitTest.csproj", "{4A849885-1EB7-4DD7-94B2-6CEB78F54648}"
EndProject
Project("{FAE04EC0-301F-11D3-BF4B-00C04F79EFBC}") = "Portal.Consultoras.Common.UnitTest", "Portal.Consultoras.Common.UnitTest\Portal.Consultoras.Common.UnitTest.csproj", "{768112E9-D206-4F6E-9080-0E6A19ED159B}"
EndProject
Global
	GlobalSection(SolutionConfigurationPlatforms) = preSolution
		CD_ROM|Any CPU = CD_ROM|Any CPU
		CD_ROM|Mixed Platforms = CD_ROM|Mixed Platforms
		CD_ROM|x86 = CD_ROM|x86
		Debug|Any CPU = Debug|Any CPU
		Debug|Mixed Platforms = Debug|Mixed Platforms
		Debug|x86 = Debug|x86
		DVD-5|Any CPU = DVD-5|Any CPU
		DVD-5|Mixed Platforms = DVD-5|Mixed Platforms
		DVD-5|x86 = DVD-5|x86
		Release|Any CPU = Release|Any CPU
		Release|Mixed Platforms = Release|Mixed Platforms
		Release|x86 = Release|x86
		SingleImage|Any CPU = SingleImage|Any CPU
		SingleImage|Mixed Platforms = SingleImage|Mixed Platforms
		SingleImage|x86 = SingleImage|x86
		Staging|Any CPU = Staging|Any CPU
		Staging|Mixed Platforms = Staging|Mixed Platforms
		Staging|x86 = Staging|x86
	EndGlobalSection
	GlobalSection(ProjectConfigurationPlatforms) = postSolution
		{F8B9B37B-8270-4602-B70C-4EDB2986A28B}.CD_ROM|Any CPU.ActiveCfg = Release|Any CPU
		{F8B9B37B-8270-4602-B70C-4EDB2986A28B}.CD_ROM|Any CPU.Build.0 = Release|Any CPU
		{F8B9B37B-8270-4602-B70C-4EDB2986A28B}.CD_ROM|Mixed Platforms.ActiveCfg = Debug|Any CPU
		{F8B9B37B-8270-4602-B70C-4EDB2986A28B}.CD_ROM|Mixed Platforms.Build.0 = Debug|Any CPU
		{F8B9B37B-8270-4602-B70C-4EDB2986A28B}.CD_ROM|x86.ActiveCfg = Debug|Any CPU
		{F8B9B37B-8270-4602-B70C-4EDB2986A28B}.Debug|Any CPU.ActiveCfg = Debug|Any CPU
		{F8B9B37B-8270-4602-B70C-4EDB2986A28B}.Debug|Any CPU.Build.0 = Debug|Any CPU
		{F8B9B37B-8270-4602-B70C-4EDB2986A28B}.Debug|Mixed Platforms.ActiveCfg = Debug|Any CPU
		{F8B9B37B-8270-4602-B70C-4EDB2986A28B}.Debug|Mixed Platforms.Build.0 = Debug|Any CPU
		{F8B9B37B-8270-4602-B70C-4EDB2986A28B}.Debug|x86.ActiveCfg = Debug|Any CPU
		{F8B9B37B-8270-4602-B70C-4EDB2986A28B}.DVD-5|Any CPU.ActiveCfg = Debug|Any CPU
		{F8B9B37B-8270-4602-B70C-4EDB2986A28B}.DVD-5|Any CPU.Build.0 = Debug|Any CPU
		{F8B9B37B-8270-4602-B70C-4EDB2986A28B}.DVD-5|Mixed Platforms.ActiveCfg = Debug|Any CPU
		{F8B9B37B-8270-4602-B70C-4EDB2986A28B}.DVD-5|Mixed Platforms.Build.0 = Debug|Any CPU
		{F8B9B37B-8270-4602-B70C-4EDB2986A28B}.DVD-5|x86.ActiveCfg = Debug|Any CPU
		{F8B9B37B-8270-4602-B70C-4EDB2986A28B}.Release|Any CPU.ActiveCfg = Release|Any CPU
		{F8B9B37B-8270-4602-B70C-4EDB2986A28B}.Release|Any CPU.Build.0 = Release|Any CPU
		{F8B9B37B-8270-4602-B70C-4EDB2986A28B}.Release|Mixed Platforms.ActiveCfg = Release|Any CPU
		{F8B9B37B-8270-4602-B70C-4EDB2986A28B}.Release|Mixed Platforms.Build.0 = Release|Any CPU
		{F8B9B37B-8270-4602-B70C-4EDB2986A28B}.Release|x86.ActiveCfg = Release|Any CPU
		{F8B9B37B-8270-4602-B70C-4EDB2986A28B}.SingleImage|Any CPU.ActiveCfg = Release|Any CPU
		{F8B9B37B-8270-4602-B70C-4EDB2986A28B}.SingleImage|Any CPU.Build.0 = Release|Any CPU
		{F8B9B37B-8270-4602-B70C-4EDB2986A28B}.SingleImage|Mixed Platforms.ActiveCfg = Debug|Any CPU
		{F8B9B37B-8270-4602-B70C-4EDB2986A28B}.SingleImage|Mixed Platforms.Build.0 = Debug|Any CPU
		{F8B9B37B-8270-4602-B70C-4EDB2986A28B}.SingleImage|x86.ActiveCfg = Debug|Any CPU
		{F8B9B37B-8270-4602-B70C-4EDB2986A28B}.Staging|Any CPU.ActiveCfg = Debug|Any CPU
		{F8B9B37B-8270-4602-B70C-4EDB2986A28B}.Staging|Any CPU.Build.0 = Debug|Any CPU
		{F8B9B37B-8270-4602-B70C-4EDB2986A28B}.Staging|Mixed Platforms.ActiveCfg = Debug|Any CPU
		{F8B9B37B-8270-4602-B70C-4EDB2986A28B}.Staging|Mixed Platforms.Build.0 = Debug|Any CPU
		{F8B9B37B-8270-4602-B70C-4EDB2986A28B}.Staging|x86.ActiveCfg = Debug|Any CPU
		{2A3B50DF-C243-4D7D-B8C0-E4E6C9C6C8D9}.CD_ROM|Any CPU.ActiveCfg = Release|Any CPU
		{2A3B50DF-C243-4D7D-B8C0-E4E6C9C6C8D9}.CD_ROM|Any CPU.Build.0 = Release|Any CPU
		{2A3B50DF-C243-4D7D-B8C0-E4E6C9C6C8D9}.CD_ROM|Mixed Platforms.ActiveCfg = Debug|Any CPU
		{2A3B50DF-C243-4D7D-B8C0-E4E6C9C6C8D9}.CD_ROM|Mixed Platforms.Build.0 = Debug|Any CPU
		{2A3B50DF-C243-4D7D-B8C0-E4E6C9C6C8D9}.CD_ROM|x86.ActiveCfg = Debug|Any CPU
		{2A3B50DF-C243-4D7D-B8C0-E4E6C9C6C8D9}.Debug|Any CPU.ActiveCfg = Debug|Any CPU
		{2A3B50DF-C243-4D7D-B8C0-E4E6C9C6C8D9}.Debug|Any CPU.Build.0 = Debug|Any CPU
		{2A3B50DF-C243-4D7D-B8C0-E4E6C9C6C8D9}.Debug|Mixed Platforms.ActiveCfg = Debug|Any CPU
		{2A3B50DF-C243-4D7D-B8C0-E4E6C9C6C8D9}.Debug|Mixed Platforms.Build.0 = Debug|Any CPU
		{2A3B50DF-C243-4D7D-B8C0-E4E6C9C6C8D9}.Debug|x86.ActiveCfg = Debug|Any CPU
		{2A3B50DF-C243-4D7D-B8C0-E4E6C9C6C8D9}.DVD-5|Any CPU.ActiveCfg = Debug|Any CPU
		{2A3B50DF-C243-4D7D-B8C0-E4E6C9C6C8D9}.DVD-5|Any CPU.Build.0 = Debug|Any CPU
		{2A3B50DF-C243-4D7D-B8C0-E4E6C9C6C8D9}.DVD-5|Mixed Platforms.ActiveCfg = Debug|Any CPU
		{2A3B50DF-C243-4D7D-B8C0-E4E6C9C6C8D9}.DVD-5|Mixed Platforms.Build.0 = Debug|Any CPU
		{2A3B50DF-C243-4D7D-B8C0-E4E6C9C6C8D9}.DVD-5|x86.ActiveCfg = Debug|Any CPU
		{2A3B50DF-C243-4D7D-B8C0-E4E6C9C6C8D9}.Release|Any CPU.ActiveCfg = Release|Any CPU
		{2A3B50DF-C243-4D7D-B8C0-E4E6C9C6C8D9}.Release|Any CPU.Build.0 = Release|Any CPU
		{2A3B50DF-C243-4D7D-B8C0-E4E6C9C6C8D9}.Release|Mixed Platforms.ActiveCfg = Release|Any CPU
		{2A3B50DF-C243-4D7D-B8C0-E4E6C9C6C8D9}.Release|Mixed Platforms.Build.0 = Release|Any CPU
		{2A3B50DF-C243-4D7D-B8C0-E4E6C9C6C8D9}.Release|x86.ActiveCfg = Release|Any CPU
		{2A3B50DF-C243-4D7D-B8C0-E4E6C9C6C8D9}.SingleImage|Any CPU.ActiveCfg = Release|Any CPU
		{2A3B50DF-C243-4D7D-B8C0-E4E6C9C6C8D9}.SingleImage|Any CPU.Build.0 = Release|Any CPU
		{2A3B50DF-C243-4D7D-B8C0-E4E6C9C6C8D9}.SingleImage|Mixed Platforms.ActiveCfg = Debug|Any CPU
		{2A3B50DF-C243-4D7D-B8C0-E4E6C9C6C8D9}.SingleImage|Mixed Platforms.Build.0 = Debug|Any CPU
		{2A3B50DF-C243-4D7D-B8C0-E4E6C9C6C8D9}.SingleImage|x86.ActiveCfg = Debug|Any CPU
		{2A3B50DF-C243-4D7D-B8C0-E4E6C9C6C8D9}.Staging|Any CPU.ActiveCfg = Staging|Any CPU
		{2A3B50DF-C243-4D7D-B8C0-E4E6C9C6C8D9}.Staging|Any CPU.Build.0 = Staging|Any CPU
		{2A3B50DF-C243-4D7D-B8C0-E4E6C9C6C8D9}.Staging|Mixed Platforms.ActiveCfg = Staging|Any CPU
		{2A3B50DF-C243-4D7D-B8C0-E4E6C9C6C8D9}.Staging|Mixed Platforms.Build.0 = Staging|Any CPU
		{2A3B50DF-C243-4D7D-B8C0-E4E6C9C6C8D9}.Staging|x86.ActiveCfg = Staging|Any CPU
		{EE1E0DB1-465B-418C-B02E-146CEA9B93E1}.CD_ROM|Any CPU.ActiveCfg = Release|Any CPU
		{EE1E0DB1-465B-418C-B02E-146CEA9B93E1}.CD_ROM|Any CPU.Build.0 = Release|Any CPU
		{EE1E0DB1-465B-418C-B02E-146CEA9B93E1}.CD_ROM|Mixed Platforms.ActiveCfg = Debug|Any CPU
		{EE1E0DB1-465B-418C-B02E-146CEA9B93E1}.CD_ROM|Mixed Platforms.Build.0 = Debug|Any CPU
		{EE1E0DB1-465B-418C-B02E-146CEA9B93E1}.CD_ROM|x86.ActiveCfg = Debug|Any CPU
		{EE1E0DB1-465B-418C-B02E-146CEA9B93E1}.Debug|Any CPU.ActiveCfg = Debug|Any CPU
		{EE1E0DB1-465B-418C-B02E-146CEA9B93E1}.Debug|Any CPU.Build.0 = Debug|Any CPU
		{EE1E0DB1-465B-418C-B02E-146CEA9B93E1}.Debug|Mixed Platforms.ActiveCfg = Debug|Any CPU
		{EE1E0DB1-465B-418C-B02E-146CEA9B93E1}.Debug|Mixed Platforms.Build.0 = Debug|Any CPU
		{EE1E0DB1-465B-418C-B02E-146CEA9B93E1}.Debug|x86.ActiveCfg = Debug|Any CPU
		{EE1E0DB1-465B-418C-B02E-146CEA9B93E1}.DVD-5|Any CPU.ActiveCfg = Debug|Any CPU
		{EE1E0DB1-465B-418C-B02E-146CEA9B93E1}.DVD-5|Any CPU.Build.0 = Debug|Any CPU
		{EE1E0DB1-465B-418C-B02E-146CEA9B93E1}.DVD-5|Mixed Platforms.ActiveCfg = Debug|Any CPU
		{EE1E0DB1-465B-418C-B02E-146CEA9B93E1}.DVD-5|Mixed Platforms.Build.0 = Debug|Any CPU
		{EE1E0DB1-465B-418C-B02E-146CEA9B93E1}.DVD-5|x86.ActiveCfg = Debug|Any CPU
		{EE1E0DB1-465B-418C-B02E-146CEA9B93E1}.Release|Any CPU.ActiveCfg = Release|Any CPU
		{EE1E0DB1-465B-418C-B02E-146CEA9B93E1}.Release|Any CPU.Build.0 = Release|Any CPU
		{EE1E0DB1-465B-418C-B02E-146CEA9B93E1}.Release|Mixed Platforms.ActiveCfg = Release|Any CPU
		{EE1E0DB1-465B-418C-B02E-146CEA9B93E1}.Release|Mixed Platforms.Build.0 = Release|Any CPU
		{EE1E0DB1-465B-418C-B02E-146CEA9B93E1}.Release|x86.ActiveCfg = Release|Any CPU
		{EE1E0DB1-465B-418C-B02E-146CEA9B93E1}.SingleImage|Any CPU.ActiveCfg = Release|Any CPU
		{EE1E0DB1-465B-418C-B02E-146CEA9B93E1}.SingleImage|Any CPU.Build.0 = Release|Any CPU
		{EE1E0DB1-465B-418C-B02E-146CEA9B93E1}.SingleImage|Mixed Platforms.ActiveCfg = Debug|Any CPU
		{EE1E0DB1-465B-418C-B02E-146CEA9B93E1}.SingleImage|Mixed Platforms.Build.0 = Debug|Any CPU
		{EE1E0DB1-465B-418C-B02E-146CEA9B93E1}.SingleImage|x86.ActiveCfg = Debug|Any CPU
		{EE1E0DB1-465B-418C-B02E-146CEA9B93E1}.Staging|Any CPU.ActiveCfg = Staging|Any CPU
		{EE1E0DB1-465B-418C-B02E-146CEA9B93E1}.Staging|Any CPU.Build.0 = Staging|Any CPU
		{EE1E0DB1-465B-418C-B02E-146CEA9B93E1}.Staging|Mixed Platforms.ActiveCfg = Staging|Any CPU
		{EE1E0DB1-465B-418C-B02E-146CEA9B93E1}.Staging|Mixed Platforms.Build.0 = Staging|Any CPU
		{EE1E0DB1-465B-418C-B02E-146CEA9B93E1}.Staging|x86.ActiveCfg = Staging|Any CPU
		{B3AD057A-2326-4F70-8723-0B2B3AFCE4EA}.CD_ROM|Any CPU.ActiveCfg = Release|Any CPU
		{B3AD057A-2326-4F70-8723-0B2B3AFCE4EA}.CD_ROM|Any CPU.Build.0 = Release|Any CPU
		{B3AD057A-2326-4F70-8723-0B2B3AFCE4EA}.CD_ROM|Mixed Platforms.ActiveCfg = Debug|Any CPU
		{B3AD057A-2326-4F70-8723-0B2B3AFCE4EA}.CD_ROM|Mixed Platforms.Build.0 = Debug|Any CPU
		{B3AD057A-2326-4F70-8723-0B2B3AFCE4EA}.CD_ROM|x86.ActiveCfg = Debug|Any CPU
		{B3AD057A-2326-4F70-8723-0B2B3AFCE4EA}.Debug|Any CPU.ActiveCfg = Debug|Any CPU
		{B3AD057A-2326-4F70-8723-0B2B3AFCE4EA}.Debug|Any CPU.Build.0 = Debug|Any CPU
		{B3AD057A-2326-4F70-8723-0B2B3AFCE4EA}.Debug|Mixed Platforms.ActiveCfg = Debug|Any CPU
		{B3AD057A-2326-4F70-8723-0B2B3AFCE4EA}.Debug|Mixed Platforms.Build.0 = Debug|Any CPU
		{B3AD057A-2326-4F70-8723-0B2B3AFCE4EA}.Debug|x86.ActiveCfg = Debug|Any CPU
		{B3AD057A-2326-4F70-8723-0B2B3AFCE4EA}.DVD-5|Any CPU.ActiveCfg = Debug|Any CPU
		{B3AD057A-2326-4F70-8723-0B2B3AFCE4EA}.DVD-5|Any CPU.Build.0 = Debug|Any CPU
		{B3AD057A-2326-4F70-8723-0B2B3AFCE4EA}.DVD-5|Mixed Platforms.ActiveCfg = Debug|Any CPU
		{B3AD057A-2326-4F70-8723-0B2B3AFCE4EA}.DVD-5|Mixed Platforms.Build.0 = Debug|Any CPU
		{B3AD057A-2326-4F70-8723-0B2B3AFCE4EA}.DVD-5|x86.ActiveCfg = Debug|Any CPU
		{B3AD057A-2326-4F70-8723-0B2B3AFCE4EA}.Release|Any CPU.ActiveCfg = Release|Any CPU
		{B3AD057A-2326-4F70-8723-0B2B3AFCE4EA}.Release|Any CPU.Build.0 = Release|Any CPU
		{B3AD057A-2326-4F70-8723-0B2B3AFCE4EA}.Release|Mixed Platforms.ActiveCfg = Release|Any CPU
		{B3AD057A-2326-4F70-8723-0B2B3AFCE4EA}.Release|Mixed Platforms.Build.0 = Release|Any CPU
		{B3AD057A-2326-4F70-8723-0B2B3AFCE4EA}.Release|x86.ActiveCfg = Release|Any CPU
		{B3AD057A-2326-4F70-8723-0B2B3AFCE4EA}.SingleImage|Any CPU.ActiveCfg = Release|Any CPU
		{B3AD057A-2326-4F70-8723-0B2B3AFCE4EA}.SingleImage|Any CPU.Build.0 = Release|Any CPU
		{B3AD057A-2326-4F70-8723-0B2B3AFCE4EA}.SingleImage|Mixed Platforms.ActiveCfg = Debug|Any CPU
		{B3AD057A-2326-4F70-8723-0B2B3AFCE4EA}.SingleImage|Mixed Platforms.Build.0 = Debug|Any CPU
		{B3AD057A-2326-4F70-8723-0B2B3AFCE4EA}.SingleImage|x86.ActiveCfg = Debug|Any CPU
		{B3AD057A-2326-4F70-8723-0B2B3AFCE4EA}.Staging|Any CPU.ActiveCfg = Staging|Any CPU
		{B3AD057A-2326-4F70-8723-0B2B3AFCE4EA}.Staging|Any CPU.Build.0 = Staging|Any CPU
		{B3AD057A-2326-4F70-8723-0B2B3AFCE4EA}.Staging|Mixed Platforms.ActiveCfg = Staging|Any CPU
		{B3AD057A-2326-4F70-8723-0B2B3AFCE4EA}.Staging|Mixed Platforms.Build.0 = Staging|Any CPU
		{B3AD057A-2326-4F70-8723-0B2B3AFCE4EA}.Staging|x86.ActiveCfg = Staging|Any CPU
		{89B7CFA1-2400-4427-B248-603E95820E92}.CD_ROM|Any CPU.ActiveCfg = Release|Any CPU
		{89B7CFA1-2400-4427-B248-603E95820E92}.CD_ROM|Any CPU.Build.0 = Release|Any CPU
		{89B7CFA1-2400-4427-B248-603E95820E92}.CD_ROM|Mixed Platforms.ActiveCfg = Debug|Any CPU
		{89B7CFA1-2400-4427-B248-603E95820E92}.CD_ROM|Mixed Platforms.Build.0 = Debug|Any CPU
		{89B7CFA1-2400-4427-B248-603E95820E92}.CD_ROM|x86.ActiveCfg = Debug|Any CPU
		{89B7CFA1-2400-4427-B248-603E95820E92}.Debug|Any CPU.ActiveCfg = Debug|Any CPU
		{89B7CFA1-2400-4427-B248-603E95820E92}.Debug|Any CPU.Build.0 = Debug|Any CPU
		{89B7CFA1-2400-4427-B248-603E95820E92}.Debug|Mixed Platforms.ActiveCfg = Debug|Any CPU
		{89B7CFA1-2400-4427-B248-603E95820E92}.Debug|Mixed Platforms.Build.0 = Debug|Any CPU
		{89B7CFA1-2400-4427-B248-603E95820E92}.Debug|x86.ActiveCfg = Debug|Any CPU
		{89B7CFA1-2400-4427-B248-603E95820E92}.DVD-5|Any CPU.ActiveCfg = Debug|Any CPU
		{89B7CFA1-2400-4427-B248-603E95820E92}.DVD-5|Any CPU.Build.0 = Debug|Any CPU
		{89B7CFA1-2400-4427-B248-603E95820E92}.DVD-5|Mixed Platforms.ActiveCfg = Debug|Any CPU
		{89B7CFA1-2400-4427-B248-603E95820E92}.DVD-5|Mixed Platforms.Build.0 = Debug|Any CPU
		{89B7CFA1-2400-4427-B248-603E95820E92}.DVD-5|x86.ActiveCfg = Debug|Any CPU
		{89B7CFA1-2400-4427-B248-603E95820E92}.Release|Any CPU.ActiveCfg = Release|Any CPU
		{89B7CFA1-2400-4427-B248-603E95820E92}.Release|Any CPU.Build.0 = Release|Any CPU
		{89B7CFA1-2400-4427-B248-603E95820E92}.Release|Mixed Platforms.ActiveCfg = Release|Any CPU
		{89B7CFA1-2400-4427-B248-603E95820E92}.Release|Mixed Platforms.Build.0 = Release|Any CPU
		{89B7CFA1-2400-4427-B248-603E95820E92}.Release|x86.ActiveCfg = Release|Any CPU
		{89B7CFA1-2400-4427-B248-603E95820E92}.SingleImage|Any CPU.ActiveCfg = Release|Any CPU
		{89B7CFA1-2400-4427-B248-603E95820E92}.SingleImage|Any CPU.Build.0 = Release|Any CPU
		{89B7CFA1-2400-4427-B248-603E95820E92}.SingleImage|Mixed Platforms.ActiveCfg = Debug|Any CPU
		{89B7CFA1-2400-4427-B248-603E95820E92}.SingleImage|Mixed Platforms.Build.0 = Debug|Any CPU
		{89B7CFA1-2400-4427-B248-603E95820E92}.SingleImage|x86.ActiveCfg = Debug|Any CPU
		{89B7CFA1-2400-4427-B248-603E95820E92}.Staging|Any CPU.ActiveCfg = Staging|Any CPU
		{89B7CFA1-2400-4427-B248-603E95820E92}.Staging|Any CPU.Build.0 = Staging|Any CPU
		{89B7CFA1-2400-4427-B248-603E95820E92}.Staging|Mixed Platforms.ActiveCfg = Staging|Any CPU
		{89B7CFA1-2400-4427-B248-603E95820E92}.Staging|Mixed Platforms.Build.0 = Staging|Any CPU
		{89B7CFA1-2400-4427-B248-603E95820E92}.Staging|x86.ActiveCfg = Staging|Any CPU
		{FEEF9217-F6DA-4041-920C-C15C94268B1B}.CD_ROM|Any CPU.ActiveCfg = Release|Any CPU
		{FEEF9217-F6DA-4041-920C-C15C94268B1B}.CD_ROM|Any CPU.Build.0 = Release|Any CPU
		{FEEF9217-F6DA-4041-920C-C15C94268B1B}.CD_ROM|Mixed Platforms.ActiveCfg = Debug|Any CPU
		{FEEF9217-F6DA-4041-920C-C15C94268B1B}.CD_ROM|Mixed Platforms.Build.0 = Debug|Any CPU
		{FEEF9217-F6DA-4041-920C-C15C94268B1B}.CD_ROM|x86.ActiveCfg = Debug|Any CPU
		{FEEF9217-F6DA-4041-920C-C15C94268B1B}.Debug|Any CPU.ActiveCfg = Debug|Any CPU
		{FEEF9217-F6DA-4041-920C-C15C94268B1B}.Debug|Any CPU.Build.0 = Debug|Any CPU
		{FEEF9217-F6DA-4041-920C-C15C94268B1B}.Debug|Mixed Platforms.ActiveCfg = Debug|Any CPU
		{FEEF9217-F6DA-4041-920C-C15C94268B1B}.Debug|Mixed Platforms.Build.0 = Debug|Any CPU
		{FEEF9217-F6DA-4041-920C-C15C94268B1B}.Debug|x86.ActiveCfg = Debug|Any CPU
		{FEEF9217-F6DA-4041-920C-C15C94268B1B}.DVD-5|Any CPU.ActiveCfg = Debug|Any CPU
		{FEEF9217-F6DA-4041-920C-C15C94268B1B}.DVD-5|Any CPU.Build.0 = Debug|Any CPU
		{FEEF9217-F6DA-4041-920C-C15C94268B1B}.DVD-5|Mixed Platforms.ActiveCfg = Debug|Any CPU
		{FEEF9217-F6DA-4041-920C-C15C94268B1B}.DVD-5|Mixed Platforms.Build.0 = Debug|Any CPU
		{FEEF9217-F6DA-4041-920C-C15C94268B1B}.DVD-5|x86.ActiveCfg = Debug|Any CPU
		{FEEF9217-F6DA-4041-920C-C15C94268B1B}.Release|Any CPU.ActiveCfg = Release|Any CPU
		{FEEF9217-F6DA-4041-920C-C15C94268B1B}.Release|Any CPU.Build.0 = Release|Any CPU
		{FEEF9217-F6DA-4041-920C-C15C94268B1B}.Release|Mixed Platforms.ActiveCfg = Release|Any CPU
		{FEEF9217-F6DA-4041-920C-C15C94268B1B}.Release|Mixed Platforms.Build.0 = Release|Any CPU
		{FEEF9217-F6DA-4041-920C-C15C94268B1B}.Release|x86.ActiveCfg = Release|Any CPU
		{FEEF9217-F6DA-4041-920C-C15C94268B1B}.SingleImage|Any CPU.ActiveCfg = Release|Any CPU
		{FEEF9217-F6DA-4041-920C-C15C94268B1B}.SingleImage|Any CPU.Build.0 = Release|Any CPU
		{FEEF9217-F6DA-4041-920C-C15C94268B1B}.SingleImage|Mixed Platforms.ActiveCfg = Debug|Any CPU
		{FEEF9217-F6DA-4041-920C-C15C94268B1B}.SingleImage|Mixed Platforms.Build.0 = Debug|Any CPU
		{FEEF9217-F6DA-4041-920C-C15C94268B1B}.SingleImage|x86.ActiveCfg = Debug|Any CPU
		{FEEF9217-F6DA-4041-920C-C15C94268B1B}.Staging|Any CPU.ActiveCfg = Staging|Any CPU
		{FEEF9217-F6DA-4041-920C-C15C94268B1B}.Staging|Any CPU.Build.0 = Staging|Any CPU
		{FEEF9217-F6DA-4041-920C-C15C94268B1B}.Staging|Mixed Platforms.ActiveCfg = Staging|Any CPU
		{FEEF9217-F6DA-4041-920C-C15C94268B1B}.Staging|Mixed Platforms.Build.0 = Staging|Any CPU
		{FEEF9217-F6DA-4041-920C-C15C94268B1B}.Staging|x86.ActiveCfg = Staging|Any CPU
		{022E2BE6-D149-4CD7-8AF4-B1DF2ACE8888}.CD_ROM|Any CPU.ActiveCfg = Release|Any CPU
		{022E2BE6-D149-4CD7-8AF4-B1DF2ACE8888}.CD_ROM|Any CPU.Build.0 = Release|Any CPU
		{022E2BE6-D149-4CD7-8AF4-B1DF2ACE8888}.CD_ROM|Mixed Platforms.ActiveCfg = Debug|Any CPU
		{022E2BE6-D149-4CD7-8AF4-B1DF2ACE8888}.CD_ROM|Mixed Platforms.Build.0 = Debug|Any CPU
		{022E2BE6-D149-4CD7-8AF4-B1DF2ACE8888}.CD_ROM|x86.ActiveCfg = Debug|Any CPU
		{022E2BE6-D149-4CD7-8AF4-B1DF2ACE8888}.Debug|Any CPU.ActiveCfg = Debug|Any CPU
		{022E2BE6-D149-4CD7-8AF4-B1DF2ACE8888}.Debug|Any CPU.Build.0 = Debug|Any CPU
		{022E2BE6-D149-4CD7-8AF4-B1DF2ACE8888}.Debug|Mixed Platforms.ActiveCfg = Debug|Any CPU
		{022E2BE6-D149-4CD7-8AF4-B1DF2ACE8888}.Debug|Mixed Platforms.Build.0 = Debug|Any CPU
		{022E2BE6-D149-4CD7-8AF4-B1DF2ACE8888}.Debug|x86.ActiveCfg = Debug|Any CPU
		{022E2BE6-D149-4CD7-8AF4-B1DF2ACE8888}.DVD-5|Any CPU.ActiveCfg = Debug|Any CPU
		{022E2BE6-D149-4CD7-8AF4-B1DF2ACE8888}.DVD-5|Any CPU.Build.0 = Debug|Any CPU
		{022E2BE6-D149-4CD7-8AF4-B1DF2ACE8888}.DVD-5|Mixed Platforms.ActiveCfg = Debug|Any CPU
		{022E2BE6-D149-4CD7-8AF4-B1DF2ACE8888}.DVD-5|Mixed Platforms.Build.0 = Debug|Any CPU
		{022E2BE6-D149-4CD7-8AF4-B1DF2ACE8888}.DVD-5|x86.ActiveCfg = Debug|Any CPU
		{022E2BE6-D149-4CD7-8AF4-B1DF2ACE8888}.Release|Any CPU.ActiveCfg = Release|Any CPU
		{022E2BE6-D149-4CD7-8AF4-B1DF2ACE8888}.Release|Any CPU.Build.0 = Release|Any CPU
		{022E2BE6-D149-4CD7-8AF4-B1DF2ACE8888}.Release|Mixed Platforms.ActiveCfg = Release|Any CPU
		{022E2BE6-D149-4CD7-8AF4-B1DF2ACE8888}.Release|Mixed Platforms.Build.0 = Release|Any CPU
		{022E2BE6-D149-4CD7-8AF4-B1DF2ACE8888}.Release|x86.ActiveCfg = Release|Any CPU
		{022E2BE6-D149-4CD7-8AF4-B1DF2ACE8888}.SingleImage|Any CPU.ActiveCfg = Release|Any CPU
		{022E2BE6-D149-4CD7-8AF4-B1DF2ACE8888}.SingleImage|Any CPU.Build.0 = Release|Any CPU
		{022E2BE6-D149-4CD7-8AF4-B1DF2ACE8888}.SingleImage|Mixed Platforms.ActiveCfg = Debug|Any CPU
		{022E2BE6-D149-4CD7-8AF4-B1DF2ACE8888}.SingleImage|Mixed Platforms.Build.0 = Debug|Any CPU
		{022E2BE6-D149-4CD7-8AF4-B1DF2ACE8888}.SingleImage|x86.ActiveCfg = Debug|Any CPU
		{022E2BE6-D149-4CD7-8AF4-B1DF2ACE8888}.Staging|Any CPU.ActiveCfg = Staging|Any CPU
		{022E2BE6-D149-4CD7-8AF4-B1DF2ACE8888}.Staging|Any CPU.Build.0 = Staging|Any CPU
		{022E2BE6-D149-4CD7-8AF4-B1DF2ACE8888}.Staging|Mixed Platforms.ActiveCfg = Staging|Any CPU
		{022E2BE6-D149-4CD7-8AF4-B1DF2ACE8888}.Staging|Mixed Platforms.Build.0 = Staging|Any CPU
		{022E2BE6-D149-4CD7-8AF4-B1DF2ACE8888}.Staging|x86.ActiveCfg = Staging|Any CPU
		{136FA1D7-AB98-4FFA-8C03-C011D34D8D27}.CD_ROM|Any CPU.ActiveCfg = Release|Any CPU
		{136FA1D7-AB98-4FFA-8C03-C011D34D8D27}.CD_ROM|Any CPU.Build.0 = Release|Any CPU
		{136FA1D7-AB98-4FFA-8C03-C011D34D8D27}.CD_ROM|Mixed Platforms.ActiveCfg = Debug|Any CPU
		{136FA1D7-AB98-4FFA-8C03-C011D34D8D27}.CD_ROM|Mixed Platforms.Build.0 = Debug|Any CPU
		{136FA1D7-AB98-4FFA-8C03-C011D34D8D27}.CD_ROM|x86.ActiveCfg = Debug|Any CPU
		{136FA1D7-AB98-4FFA-8C03-C011D34D8D27}.Debug|Any CPU.ActiveCfg = Debug|Any CPU
		{136FA1D7-AB98-4FFA-8C03-C011D34D8D27}.Debug|Any CPU.Build.0 = Debug|Any CPU
		{136FA1D7-AB98-4FFA-8C03-C011D34D8D27}.Debug|Mixed Platforms.ActiveCfg = Debug|Any CPU
		{136FA1D7-AB98-4FFA-8C03-C011D34D8D27}.Debug|Mixed Platforms.Build.0 = Debug|Any CPU
		{136FA1D7-AB98-4FFA-8C03-C011D34D8D27}.Debug|x86.ActiveCfg = Debug|Any CPU
		{136FA1D7-AB98-4FFA-8C03-C011D34D8D27}.DVD-5|Any CPU.ActiveCfg = Debug|Any CPU
		{136FA1D7-AB98-4FFA-8C03-C011D34D8D27}.DVD-5|Any CPU.Build.0 = Debug|Any CPU
		{136FA1D7-AB98-4FFA-8C03-C011D34D8D27}.DVD-5|Mixed Platforms.ActiveCfg = Debug|Any CPU
		{136FA1D7-AB98-4FFA-8C03-C011D34D8D27}.DVD-5|Mixed Platforms.Build.0 = Debug|Any CPU
		{136FA1D7-AB98-4FFA-8C03-C011D34D8D27}.DVD-5|x86.ActiveCfg = Debug|Any CPU
		{136FA1D7-AB98-4FFA-8C03-C011D34D8D27}.Release|Any CPU.ActiveCfg = Release|Any CPU
		{136FA1D7-AB98-4FFA-8C03-C011D34D8D27}.Release|Any CPU.Build.0 = Release|Any CPU
		{136FA1D7-AB98-4FFA-8C03-C011D34D8D27}.Release|Mixed Platforms.ActiveCfg = Release|Any CPU
		{136FA1D7-AB98-4FFA-8C03-C011D34D8D27}.Release|Mixed Platforms.Build.0 = Release|Any CPU
		{136FA1D7-AB98-4FFA-8C03-C011D34D8D27}.Release|x86.ActiveCfg = Release|Any CPU
		{136FA1D7-AB98-4FFA-8C03-C011D34D8D27}.SingleImage|Any CPU.ActiveCfg = Release|Any CPU
		{136FA1D7-AB98-4FFA-8C03-C011D34D8D27}.SingleImage|Any CPU.Build.0 = Release|Any CPU
		{136FA1D7-AB98-4FFA-8C03-C011D34D8D27}.SingleImage|Mixed Platforms.ActiveCfg = Debug|Any CPU
		{136FA1D7-AB98-4FFA-8C03-C011D34D8D27}.SingleImage|Mixed Platforms.Build.0 = Debug|Any CPU
		{136FA1D7-AB98-4FFA-8C03-C011D34D8D27}.SingleImage|x86.ActiveCfg = Debug|Any CPU
		{136FA1D7-AB98-4FFA-8C03-C011D34D8D27}.Staging|Any CPU.ActiveCfg = Staging|Any CPU
		{136FA1D7-AB98-4FFA-8C03-C011D34D8D27}.Staging|Any CPU.Build.0 = Staging|Any CPU
		{136FA1D7-AB98-4FFA-8C03-C011D34D8D27}.Staging|Mixed Platforms.ActiveCfg = Staging|Any CPU
		{136FA1D7-AB98-4FFA-8C03-C011D34D8D27}.Staging|Mixed Platforms.Build.0 = Staging|Any CPU
		{136FA1D7-AB98-4FFA-8C03-C011D34D8D27}.Staging|x86.ActiveCfg = Staging|Any CPU
		{6A7ABF96-986A-4A90-9022-4E2A43F0B25D}.CD_ROM|Any CPU.ActiveCfg = Release|Any CPU
		{6A7ABF96-986A-4A90-9022-4E2A43F0B25D}.CD_ROM|Any CPU.Build.0 = Release|Any CPU
		{6A7ABF96-986A-4A90-9022-4E2A43F0B25D}.CD_ROM|Mixed Platforms.ActiveCfg = Release|Any CPU
		{6A7ABF96-986A-4A90-9022-4E2A43F0B25D}.CD_ROM|Mixed Platforms.Build.0 = Release|Any CPU
		{6A7ABF96-986A-4A90-9022-4E2A43F0B25D}.CD_ROM|x86.ActiveCfg = Release|Any CPU
		{6A7ABF96-986A-4A90-9022-4E2A43F0B25D}.Debug|Any CPU.ActiveCfg = Debug|Any CPU
		{6A7ABF96-986A-4A90-9022-4E2A43F0B25D}.Debug|Any CPU.Build.0 = Debug|Any CPU
		{6A7ABF96-986A-4A90-9022-4E2A43F0B25D}.Debug|Mixed Platforms.ActiveCfg = Debug|Any CPU
		{6A7ABF96-986A-4A90-9022-4E2A43F0B25D}.Debug|Mixed Platforms.Build.0 = Debug|Any CPU
		{6A7ABF96-986A-4A90-9022-4E2A43F0B25D}.Debug|x86.ActiveCfg = Debug|Any CPU
		{6A7ABF96-986A-4A90-9022-4E2A43F0B25D}.DVD-5|Any CPU.ActiveCfg = Debug|Any CPU
		{6A7ABF96-986A-4A90-9022-4E2A43F0B25D}.DVD-5|Any CPU.Build.0 = Debug|Any CPU
		{6A7ABF96-986A-4A90-9022-4E2A43F0B25D}.DVD-5|Mixed Platforms.ActiveCfg = Debug|Any CPU
		{6A7ABF96-986A-4A90-9022-4E2A43F0B25D}.DVD-5|Mixed Platforms.Build.0 = Debug|Any CPU
		{6A7ABF96-986A-4A90-9022-4E2A43F0B25D}.DVD-5|x86.ActiveCfg = Debug|Any CPU
		{6A7ABF96-986A-4A90-9022-4E2A43F0B25D}.Release|Any CPU.ActiveCfg = Release|Any CPU
		{6A7ABF96-986A-4A90-9022-4E2A43F0B25D}.Release|Any CPU.Build.0 = Release|Any CPU
		{6A7ABF96-986A-4A90-9022-4E2A43F0B25D}.Release|Mixed Platforms.ActiveCfg = Release|Any CPU
		{6A7ABF96-986A-4A90-9022-4E2A43F0B25D}.Release|Mixed Platforms.Build.0 = Release|Any CPU
		{6A7ABF96-986A-4A90-9022-4E2A43F0B25D}.Release|x86.ActiveCfg = Release|Any CPU
		{6A7ABF96-986A-4A90-9022-4E2A43F0B25D}.SingleImage|Any CPU.ActiveCfg = Release|Any CPU
		{6A7ABF96-986A-4A90-9022-4E2A43F0B25D}.SingleImage|Any CPU.Build.0 = Release|Any CPU
		{6A7ABF96-986A-4A90-9022-4E2A43F0B25D}.SingleImage|Mixed Platforms.ActiveCfg = Release|Any CPU
		{6A7ABF96-986A-4A90-9022-4E2A43F0B25D}.SingleImage|Mixed Platforms.Build.0 = Release|Any CPU
		{6A7ABF96-986A-4A90-9022-4E2A43F0B25D}.SingleImage|x86.ActiveCfg = Release|Any CPU
		{6A7ABF96-986A-4A90-9022-4E2A43F0B25D}.Staging|Any CPU.ActiveCfg = Release|Any CPU
		{6A7ABF96-986A-4A90-9022-4E2A43F0B25D}.Staging|Any CPU.Build.0 = Release|Any CPU
		{6A7ABF96-986A-4A90-9022-4E2A43F0B25D}.Staging|Mixed Platforms.ActiveCfg = Release|Any CPU
		{6A7ABF96-986A-4A90-9022-4E2A43F0B25D}.Staging|Mixed Platforms.Build.0 = Release|Any CPU
		{6A7ABF96-986A-4A90-9022-4E2A43F0B25D}.Staging|x86.ActiveCfg = Release|Any CPU
		{4A849885-1EB7-4DD7-94B2-6CEB78F54648}.CD_ROM|Any CPU.ActiveCfg = Release|Any CPU
		{4A849885-1EB7-4DD7-94B2-6CEB78F54648}.CD_ROM|Any CPU.Build.0 = Release|Any CPU
		{4A849885-1EB7-4DD7-94B2-6CEB78F54648}.CD_ROM|Mixed Platforms.ActiveCfg = Release|Any CPU
		{4A849885-1EB7-4DD7-94B2-6CEB78F54648}.CD_ROM|Mixed Platforms.Build.0 = Release|Any CPU
		{4A849885-1EB7-4DD7-94B2-6CEB78F54648}.CD_ROM|x86.ActiveCfg = Release|Any CPU
		{4A849885-1EB7-4DD7-94B2-6CEB78F54648}.CD_ROM|x86.Build.0 = Release|Any CPU
		{4A849885-1EB7-4DD7-94B2-6CEB78F54648}.Debug|Any CPU.ActiveCfg = Debug|Any CPU
		{4A849885-1EB7-4DD7-94B2-6CEB78F54648}.Debug|Any CPU.Build.0 = Debug|Any CPU
		{4A849885-1EB7-4DD7-94B2-6CEB78F54648}.Debug|Mixed Platforms.ActiveCfg = Debug|Any CPU
		{4A849885-1EB7-4DD7-94B2-6CEB78F54648}.Debug|Mixed Platforms.Build.0 = Debug|Any CPU
		{4A849885-1EB7-4DD7-94B2-6CEB78F54648}.Debug|x86.ActiveCfg = Debug|Any CPU
		{4A849885-1EB7-4DD7-94B2-6CEB78F54648}.Debug|x86.Build.0 = Debug|Any CPU
		{4A849885-1EB7-4DD7-94B2-6CEB78F54648}.DVD-5|Any CPU.ActiveCfg = Debug|Any CPU
		{4A849885-1EB7-4DD7-94B2-6CEB78F54648}.DVD-5|Any CPU.Build.0 = Debug|Any CPU
		{4A849885-1EB7-4DD7-94B2-6CEB78F54648}.DVD-5|Mixed Platforms.ActiveCfg = Debug|Any CPU
		{4A849885-1EB7-4DD7-94B2-6CEB78F54648}.DVD-5|Mixed Platforms.Build.0 = Debug|Any CPU
		{4A849885-1EB7-4DD7-94B2-6CEB78F54648}.DVD-5|x86.ActiveCfg = Debug|Any CPU
		{4A849885-1EB7-4DD7-94B2-6CEB78F54648}.DVD-5|x86.Build.0 = Debug|Any CPU
		{4A849885-1EB7-4DD7-94B2-6CEB78F54648}.Release|Any CPU.ActiveCfg = Release|Any CPU
		{4A849885-1EB7-4DD7-94B2-6CEB78F54648}.Release|Any CPU.Build.0 = Release|Any CPU
		{4A849885-1EB7-4DD7-94B2-6CEB78F54648}.Release|Mixed Platforms.ActiveCfg = Release|Any CPU
		{4A849885-1EB7-4DD7-94B2-6CEB78F54648}.Release|Mixed Platforms.Build.0 = Release|Any CPU
		{4A849885-1EB7-4DD7-94B2-6CEB78F54648}.Release|x86.ActiveCfg = Release|Any CPU
		{4A849885-1EB7-4DD7-94B2-6CEB78F54648}.Release|x86.Build.0 = Release|Any CPU
		{4A849885-1EB7-4DD7-94B2-6CEB78F54648}.SingleImage|Any CPU.ActiveCfg = Release|Any CPU
		{4A849885-1EB7-4DD7-94B2-6CEB78F54648}.SingleImage|Any CPU.Build.0 = Release|Any CPU
		{4A849885-1EB7-4DD7-94B2-6CEB78F54648}.SingleImage|Mixed Platforms.ActiveCfg = Release|Any CPU
		{4A849885-1EB7-4DD7-94B2-6CEB78F54648}.SingleImage|Mixed Platforms.Build.0 = Release|Any CPU
		{4A849885-1EB7-4DD7-94B2-6CEB78F54648}.SingleImage|x86.ActiveCfg = Release|Any CPU
		{4A849885-1EB7-4DD7-94B2-6CEB78F54648}.SingleImage|x86.Build.0 = Release|Any CPU
		{4A849885-1EB7-4DD7-94B2-6CEB78F54648}.Staging|Any CPU.ActiveCfg = Release|Any CPU
		{4A849885-1EB7-4DD7-94B2-6CEB78F54648}.Staging|Any CPU.Build.0 = Release|Any CPU
		{4A849885-1EB7-4DD7-94B2-6CEB78F54648}.Staging|Mixed Platforms.ActiveCfg = Release|Any CPU
		{4A849885-1EB7-4DD7-94B2-6CEB78F54648}.Staging|Mixed Platforms.Build.0 = Release|Any CPU
		{4A849885-1EB7-4DD7-94B2-6CEB78F54648}.Staging|x86.ActiveCfg = Release|Any CPU
		{4A849885-1EB7-4DD7-94B2-6CEB78F54648}.Staging|x86.Build.0 = Release|Any CPU
		{768112E9-D206-4F6E-9080-0E6A19ED159B}.CD_ROM|Any CPU.ActiveCfg = Release|Any CPU
		{768112E9-D206-4F6E-9080-0E6A19ED159B}.CD_ROM|Any CPU.Build.0 = Release|Any CPU
		{768112E9-D206-4F6E-9080-0E6A19ED159B}.CD_ROM|Mixed Platforms.ActiveCfg = Release|Any CPU
		{768112E9-D206-4F6E-9080-0E6A19ED159B}.CD_ROM|Mixed Platforms.Build.0 = Release|Any CPU
		{768112E9-D206-4F6E-9080-0E6A19ED159B}.CD_ROM|x86.ActiveCfg = Release|Any CPU
		{768112E9-D206-4F6E-9080-0E6A19ED159B}.CD_ROM|x86.Build.0 = Release|Any CPU
		{768112E9-D206-4F6E-9080-0E6A19ED159B}.Debug|Any CPU.ActiveCfg = Debug|Any CPU
		{768112E9-D206-4F6E-9080-0E6A19ED159B}.Debug|Any CPU.Build.0 = Debug|Any CPU
		{768112E9-D206-4F6E-9080-0E6A19ED159B}.Debug|Mixed Platforms.ActiveCfg = Debug|Any CPU
		{768112E9-D206-4F6E-9080-0E6A19ED159B}.Debug|Mixed Platforms.Build.0 = Debug|Any CPU
		{768112E9-D206-4F6E-9080-0E6A19ED159B}.Debug|x86.ActiveCfg = Debug|Any CPU
		{768112E9-D206-4F6E-9080-0E6A19ED159B}.Debug|x86.Build.0 = Debug|Any CPU
		{768112E9-D206-4F6E-9080-0E6A19ED159B}.DVD-5|Any CPU.ActiveCfg = Debug|Any CPU
		{768112E9-D206-4F6E-9080-0E6A19ED159B}.DVD-5|Any CPU.Build.0 = Debug|Any CPU
		{768112E9-D206-4F6E-9080-0E6A19ED159B}.DVD-5|Mixed Platforms.ActiveCfg = Debug|Any CPU
		{768112E9-D206-4F6E-9080-0E6A19ED159B}.DVD-5|Mixed Platforms.Build.0 = Debug|Any CPU
		{768112E9-D206-4F6E-9080-0E6A19ED159B}.DVD-5|x86.ActiveCfg = Debug|Any CPU
		{768112E9-D206-4F6E-9080-0E6A19ED159B}.DVD-5|x86.Build.0 = Debug|Any CPU
		{768112E9-D206-4F6E-9080-0E6A19ED159B}.Release|Any CPU.ActiveCfg = Release|Any CPU
		{768112E9-D206-4F6E-9080-0E6A19ED159B}.Release|Any CPU.Build.0 = Release|Any CPU
		{768112E9-D206-4F6E-9080-0E6A19ED159B}.Release|Mixed Platforms.ActiveCfg = Release|Any CPU
		{768112E9-D206-4F6E-9080-0E6A19ED159B}.Release|Mixed Platforms.Build.0 = Release|Any CPU
		{768112E9-D206-4F6E-9080-0E6A19ED159B}.Release|x86.ActiveCfg = Release|Any CPU
		{768112E9-D206-4F6E-9080-0E6A19ED159B}.Release|x86.Build.0 = Release|Any CPU
		{768112E9-D206-4F6E-9080-0E6A19ED159B}.SingleImage|Any CPU.ActiveCfg = Release|Any CPU
		{768112E9-D206-4F6E-9080-0E6A19ED159B}.SingleImage|Any CPU.Build.0 = Release|Any CPU
		{768112E9-D206-4F6E-9080-0E6A19ED159B}.SingleImage|Mixed Platforms.ActiveCfg = Release|Any CPU
		{768112E9-D206-4F6E-9080-0E6A19ED159B}.SingleImage|Mixed Platforms.Build.0 = Release|Any CPU
		{768112E9-D206-4F6E-9080-0E6A19ED159B}.SingleImage|x86.ActiveCfg = Release|Any CPU
		{768112E9-D206-4F6E-9080-0E6A19ED159B}.SingleImage|x86.Build.0 = Release|Any CPU
		{768112E9-D206-4F6E-9080-0E6A19ED159B}.Staging|Any CPU.ActiveCfg = Release|Any CPU
		{768112E9-D206-4F6E-9080-0E6A19ED159B}.Staging|Any CPU.Build.0 = Release|Any CPU
		{768112E9-D206-4F6E-9080-0E6A19ED159B}.Staging|Mixed Platforms.ActiveCfg = Release|Any CPU
		{768112E9-D206-4F6E-9080-0E6A19ED159B}.Staging|Mixed Platforms.Build.0 = Release|Any CPU
		{768112E9-D206-4F6E-9080-0E6A19ED159B}.Staging|x86.ActiveCfg = Release|Any CPU
		{768112E9-D206-4F6E-9080-0E6A19ED159B}.Staging|x86.Build.0 = Release|Any CPU
	EndGlobalSection
	GlobalSection(SolutionProperties) = preSolution
		HideSolutionNode = FALSE
	EndGlobalSection
	GlobalSection(NestedProjects) = preSolution
		{F8B9B37B-8270-4602-B70C-4EDB2986A28B} = {50230F7F-B9B0-46A3-A234-8820B82E16E8}
		{2A3B50DF-C243-4D7D-B8C0-E4E6C9C6C8D9} = {D93096D3-E22A-4FAC-B528-E2F84DF755CE}
		{EE1E0DB1-465B-418C-B02E-146CEA9B93E1} = {D93096D3-E22A-4FAC-B528-E2F84DF755CE}
		{B3AD057A-2326-4F70-8723-0B2B3AFCE4EA} = {D93096D3-E22A-4FAC-B528-E2F84DF755CE}
		{89B7CFA1-2400-4427-B248-603E95820E92} = {D93096D3-E22A-4FAC-B528-E2F84DF755CE}
		{FEEF9217-F6DA-4041-920C-C15C94268B1B} = {D93096D3-E22A-4FAC-B528-E2F84DF755CE}
		{022E2BE6-D149-4CD7-8AF4-B1DF2ACE8888} = {84F42BD5-939F-4867-806E-3C24565E6FE8}
		{136FA1D7-AB98-4FFA-8C03-C011D34D8D27} = {8ADB3BF2-6096-44FE-81E0-8403904050BD}
		{6A7ABF96-986A-4A90-9022-4E2A43F0B25D} = {84F42BD5-939F-4867-806E-3C24565E6FE8}
		{4A849885-1EB7-4DD7-94B2-6CEB78F54648} = {C13E2A26-3BED-40AB-9380-9ED869E8DDDC}
		{768112E9-D206-4F6E-9080-0E6A19ED159B} = {C13E2A26-3BED-40AB-9380-9ED869E8DDDC}
	EndGlobalSection
	GlobalSection(ExtensibilityGlobals) = postSolution
		SolutionGuid = {29D3A4D5-4B6B-4329-B14A-0D3B733C25B9}
	EndGlobalSection
EndGlobal
